
Microsoft Visual Studio Solution File, Format Version 12.00
# Visual Studio Version 17
VisualStudioVersion = 17.5.33516.290
MinimumVisualStudioVersion = 10.0.40219.1
Project("{2150E333-8FDC-42A3-9474-1A3956D46DE8}") = "src", "src", "{BF9A11B9-D6B0-41A5-A266-CB7D4A47404A}"
EndProject
Project("{2150E333-8FDC-42A3-9474-1A3956D46DE8}") = "test", "test", "{A4A3196C-15E3-470C-892C-84D907477FA7}"
EndProject
Project("{9A19103F-16F7-4668-BE54-9A1E7A4F7556}") = "SAM.Domain", "SAM.Domain\SAM.Domain.csproj", "{F4952C6C-670C-4A21-833B-BEA81A192B40}"
EndProject
Project("{9A19103F-16F7-4668-BE54-9A1E7A4F7556}") = "SAM.Infrastructure", "POS.Infrastructure\SAM.Infrastructure.csproj", "{3991CAD2-EE78-4D0E-A084-F617F4024AF3}"
EndProject
Project("{9A19103F-16F7-4668-BE54-9A1E7A4F7556}") = "SAM.Application", "POS.Application\SAM.Application.csproj", "{D65AC09E-FD3F-4329-BC1B-D489CB06EDF5}"
EndProject
Project("{9A19103F-16F7-4668-BE54-9A1E7A4F7556}") = "SAM.API", "SAM.API\SAM.API.csproj", "{20038188-7D50-4F0E-8A51-A128B7FBF54F}"
EndProject
Project("{9A19103F-16F7-4668-BE54-9A1E7A4F7556}") = "SAM.Utilities", "SAM.Utilities\SAM.Utilities.csproj", "{67950443-237B-4D97-AF41-4C51C2978072}"
EndProject
Project("{9A19103F-16F7-4668-BE54-9A1E7A4F7556}") = "SAM.Test", "SAM.Test\SAM.Test.csproj", "{43D7E043-0F4F-415E-A6E7-9F37B8461301}"
EndProject
Global
	GlobalSection(SolutionConfigurationPlatforms) = preSolution
		Debug|Any CPU = Debug|Any CPU
		Release|Any CPU = Release|Any CPU
	EndGlobalSection
	GlobalSection(ProjectConfigurationPlatforms) = postSolution
		{F4952C6C-670C-4A21-833B-BEA81A192B40}.Debug|Any CPU.ActiveCfg = Debug|Any CPU
		{F4952C6C-670C-4A21-833B-BEA81A192B40}.Debug|Any CPU.Build.0 = Debug|Any CPU
		{F4952C6C-670C-4A21-833B-BEA81A192B40}.Release|Any CPU.ActiveCfg = Release|Any CPU
		{F4952C6C-670C-4A21-833B-BEA81A192B40}.Release|Any CPU.Build.0 = Release|Any CPU
		{3991CAD2-EE78-4D0E-A084-F617F4024AF3}.Debug|Any CPU.ActiveCfg = Debug|Any CPU
		{3991CAD2-EE78-4D0E-A084-F617F4024AF3}.Debug|Any CPU.Build.0 = Debug|Any CPU
		{3991CAD2-EE78-4D0E-A084-F617F4024AF3}.Release|Any CPU.ActiveCfg = Release|Any CPU
		{3991CAD2-EE78-4D0E-A084-F617F4024AF3}.Release|Any CPU.Build.0 = Release|Any CPU
		{D65AC09E-FD3F-4329-BC1B-D489CB06EDF5}.Debug|Any CPU.ActiveCfg = Debug|Any CPU
		{D65AC09E-FD3F-4329-BC1B-D489CB06EDF5}.Debug|Any CPU.Build.0 = Debug|Any CPU
		{D65AC09E-FD3F-4329-BC1B-D489CB06EDF5}.Release|Any CPU.ActiveCfg = Release|Any CPU
		{D65AC09E-FD3F-4329-BC1B-D489CB06EDF5}.Release|Any CPU.Build.0 = Release|Any CPU
		{20038188-7D50-4F0E-8A51-A128B7FBF54F}.Debug|Any CPU.ActiveCfg = Debug|Any CPU
		{20038188-7D50-4F0E-8A51-A128B7FBF54F}.Debug|Any CPU.Build.0 = Debug|Any CPU
		{20038188-7D50-4F0E-8A51-A128B7FBF54F}.Release|Any CPU.ActiveCfg = Release|Any CPU
		{20038188-7D50-4F0E-8A51-A128B7FBF54F}.Release|Any CPU.Build.0 = Release|Any CPU
		{67950443-237B-4D97-AF41-4C51C2978072}.Debug|Any CPU.ActiveCfg = Debug|Any CPU
		{67950443-237B-4D97-AF41-4C51C2978072}.Debug|Any CPU.Build.0 = Debug|Any CPU
		{67950443-237B-4D97-AF41-4C51C2978072}.Release|Any CPU.ActiveCfg = Release|Any CPU
		{67950443-237B-4D97-AF41-4C51C2978072}.Release|Any CPU.Build.0 = Release|Any CPU
		{43D7E043-0F4F-415E-A6E7-9F37B8461301}.Debug|Any CPU.ActiveCfg = Debug|Any CPU
		{43D7E043-0F4F-415E-A6E7-9F37B8461301}.Debug|Any CPU.Build.0 = Debug|Any CPU
		{43D7E043-0F4F-415E-A6E7-9F37B8461301}.Release|Any CPU.ActiveCfg = Release|Any CPU
		{43D7E043-0F4F-415E-A6E7-9F37B8461301}.Release|Any CPU.Build.0 = Release|Any CPU
	EndGlobalSection
	GlobalSection(SolutionProperties) = preSolution
		HideSolutionNode = FALSE
	EndGlobalSection
	GlobalSection(NestedProjects) = preSolution
		{F4952C6C-670C-4A21-833B-BEA81A192B40} = {BF9A11B9-D6B0-41A5-A266-CB7D4A47404A}
		{3991CAD2-EE78-4D0E-A084-F617F4024AF3} = {BF9A11B9-D6B0-41A5-A266-CB7D4A47404A}
		{D65AC09E-FD3F-4329-BC1B-D489CB06EDF5} = {BF9A11B9-D6B0-41A5-A266-CB7D4A47404A}
		{20038188-7D50-4F0E-8A51-A128B7FBF54F} = {BF9A11B9-D6B0-41A5-A266-CB7D4A47404A}
		{67950443-237B-4D97-AF41-4C51C2978072} = {BF9A11B9-D6B0-41A5-A266-CB7D4A47404A}
		{43D7E043-0F4F-415E-A6E7-9F37B8461301} = {A4A3196C-15E3-470C-892C-84D907477FA7}
	EndGlobalSection
	GlobalSection(ExtensibilityGlobals) = postSolution
		SolutionGuid = {C3CFBF87-B7AA-4E03-A4B8-698468826ED0}
	EndGlobalSection
EndGlobal
